// !$*UTF8*$!
{
	archiveVersion = 1;
	classes = {
	};
	objectVersion = 46;
	objects = {

/* Begin PBXBuildFile section */
		D7870D3A18897340005BD7BE /* Foundation.framework in Frameworks */ = {isa = PBXBuildFile; fileRef = D7870D3918897340005BD7BE /* Foundation.framework */; };
		D7870D3C18897340005BD7BE /* CoreGraphics.framework in Frameworks */ = {isa = PBXBuildFile; fileRef = D7870D3B18897340005BD7BE /* CoreGraphics.framework */; };
		D7870D3E18897340005BD7BE /* UIKit.framework in Frameworks */ = {isa = PBXBuildFile; fileRef = D7870D3D18897340005BD7BE /* UIKit.framework */; };
		D7870D4418897340005BD7BE /* InfoPlist.strings in Resources */ = {isa = PBXBuildFile; fileRef = D7870D4218897340005BD7BE /* InfoPlist.strings */; };
		D7870D4618897340005BD7BE /* main.m in Sources */ = {isa = PBXBuildFile; fileRef = D7870D4518897340005BD7BE /* main.m */; };
		D7870D4A18897340005BD7BE /* AppDelegate.m in Sources */ = {isa = PBXBuildFile; fileRef = D7870D4918897340005BD7BE /* AppDelegate.m */; };
		D7870D4D18897340005BD7BE /* Main.storyboard in Resources */ = {isa = PBXBuildFile; fileRef = D7870D4B18897340005BD7BE /* Main.storyboard */; };
		D7870D5018897340005BD7BE /* ViewController.m in Sources */ = {isa = PBXBuildFile; fileRef = D7870D4F18897340005BD7BE /* ViewController.m */; };
		D7870D5218897340005BD7BE /* Images.xcassets in Resources */ = {isa = PBXBuildFile; fileRef = D7870D5118897340005BD7BE /* Images.xcassets */; };
		D7870D5918897340005BD7BE /* XCTest.framework in Frameworks */ = {isa = PBXBuildFile; fileRef = D7870D5818897340005BD7BE /* XCTest.framework */; };
		D7870D5A18897340005BD7BE /* Foundation.framework in Frameworks */ = {isa = PBXBuildFile; fileRef = D7870D3918897340005BD7BE /* Foundation.framework */; };
		D7870D5B18897340005BD7BE /* UIKit.framework in Frameworks */ = {isa = PBXBuildFile; fileRef = D7870D3D18897340005BD7BE /* UIKit.framework */; };
		D7870D6318897340005BD7BE /* InfoPlist.strings in Resources */ = {isa = PBXBuildFile; fileRef = D7870D6118897340005BD7BE /* InfoPlist.strings */; };
		D7870D6518897340005BD7BE /* m7backgroundTests.m in Sources */ = {isa = PBXBuildFile; fileRef = D7870D6418897340005BD7BE /* m7backgroundTests.m */; };
		D7870D73188D2944005BD7BE /* Parse.framework in Frameworks */ = {isa = PBXBuildFile; fileRef = D7870D71188D2843005BD7BE /* Parse.framework */; };
		D7870D75188D2986005BD7BE /* AudioToolbox.framework in Frameworks */ = {isa = PBXBuildFile; fileRef = D7870D74188D2986005BD7BE /* AudioToolbox.framework */; };
		D7870D77188D2990005BD7BE /* CFNetwork.framework in Frameworks */ = {isa = PBXBuildFile; fileRef = D7870D76188D2990005BD7BE /* CFNetwork.framework */; };
		D7870D79188D29A5005BD7BE /* CoreLocation.framework in Frameworks */ = {isa = PBXBuildFile; fileRef = D7870D78188D29A5005BD7BE /* CoreLocation.framework */; };
		D7870D7B188D29AE005BD7BE /* libz.dylib in Frameworks */ = {isa = PBXBuildFile; fileRef = D7870D7A188D29AE005BD7BE /* libz.dylib */; };
		D7870D7D188D29BB005BD7BE /* MobileCoreServices.framework in Frameworks */ = {isa = PBXBuildFile; fileRef = D7870D7C188D29BB005BD7BE /* MobileCoreServices.framework */; };
		D7870D7F188D29C2005BD7BE /* QuartzCore.framework in Frameworks */ = {isa = PBXBuildFile; fileRef = D7870D7E188D29C2005BD7BE /* QuartzCore.framework */; };
		D7870D81188D29CF005BD7BE /* Security.framework in Frameworks */ = {isa = PBXBuildFile; fileRef = D7870D80188D29CF005BD7BE /* Security.framework */; };
		D7870D83188D29D8005BD7BE /* StoreKit.framework in Frameworks */ = {isa = PBXBuildFile; fileRef = D7870D82188D29D8005BD7BE /* StoreKit.framework */; };
		D7870D85188D29E9005BD7BE /* SystemConfiguration.framework in Frameworks */ = {isa = PBXBuildFile; fileRef = D7870D84188D29E9005BD7BE /* SystemConfiguration.framework */; };
		D7870D89188D7690005BD7BE /* LazyParseArray.m in Sources */ = {isa = PBXBuildFile; fileRef = D7870D88188D7690005BD7BE /* LazyParseArray.m */; };
		D7870D8C188D7DCC005BD7BE /* DataViewController.m in Sources */ = {isa = PBXBuildFile; fileRef = D7870D8B188D7DCC005BD7BE /* DataViewController.m */; };
/* End PBXBuildFile section */

/* Begin PBXContainerItemProxy section */
		D7870D5C18897340005BD7BE /* PBXContainerItemProxy */ = {
			isa = PBXContainerItemProxy;
			containerPortal = D7870D2E18897340005BD7BE /* Project object */;
			proxyType = 1;
			remoteGlobalIDString = D7870D3518897340005BD7BE;
			remoteInfo = m7background;
		};
/* End PBXContainerItemProxy section */

/* Begin PBXFileReference section */
		D7870D3618897340005BD7BE /* m7background.app */ = {isa = PBXFileReference; explicitFileType = wrapper.application; includeInIndex = 0; path = m7background.app; sourceTree = BUILT_PRODUCTS_DIR; };
		D7870D3918897340005BD7BE /* Foundation.framework */ = {isa = PBXFileReference; lastKnownFileType = wrapper.framework; name = Foundation.framework; path = System/Library/Frameworks/Foundation.framework; sourceTree = SDKROOT; };
		D7870D3B18897340005BD7BE /* CoreGraphics.framework */ = {isa = PBXFileReference; lastKnownFileType = wrapper.framework; name = CoreGraphics.framework; path = System/Library/Frameworks/CoreGraphics.framework; sourceTree = SDKROOT; };
		D7870D3D18897340005BD7BE /* UIKit.framework */ = {isa = PBXFileReference; lastKnownFileType = wrapper.framework; name = UIKit.framework; path = System/Library/Frameworks/UIKit.framework; sourceTree = SDKROOT; };
		D7870D4118897340005BD7BE /* m7background-Info.plist */ = {isa = PBXFileReference; lastKnownFileType = text.plist.xml; path = "m7background-Info.plist"; sourceTree = "<group>"; };
		D7870D4318897340005BD7BE /* en */ = {isa = PBXFileReference; lastKnownFileType = text.plist.strings; name = en; path = en.lproj/InfoPlist.strings; sourceTree = "<group>"; };
		D7870D4518897340005BD7BE /* main.m */ = {isa = PBXFileReference; lastKnownFileType = sourcecode.c.objc; path = main.m; sourceTree = "<group>"; };
		D7870D4718897340005BD7BE /* m7background-Prefix.pch */ = {isa = PBXFileReference; lastKnownFileType = sourcecode.c.h; path = "m7background-Prefix.pch"; sourceTree = "<group>"; };
		D7870D4818897340005BD7BE /* AppDelegate.h */ = {isa = PBXFileReference; lastKnownFileType = sourcecode.c.h; path = AppDelegate.h; sourceTree = "<group>"; };
		D7870D4918897340005BD7BE /* AppDelegate.m */ = {isa = PBXFileReference; lastKnownFileType = sourcecode.c.objc; path = AppDelegate.m; sourceTree = "<group>"; };
		D7870D4C18897340005BD7BE /* Base */ = {isa = PBXFileReference; lastKnownFileType = file.storyboard; name = Base; path = Base.lproj/Main.storyboard; sourceTree = "<group>"; };
		D7870D4E18897340005BD7BE /* ViewController.h */ = {isa = PBXFileReference; lastKnownFileType = sourcecode.c.h; path = ViewController.h; sourceTree = "<group>"; };
		D7870D4F18897340005BD7BE /* ViewController.m */ = {isa = PBXFileReference; lastKnownFileType = sourcecode.c.objc; path = ViewController.m; sourceTree = "<group>"; };
		D7870D5118897340005BD7BE /* Images.xcassets */ = {isa = PBXFileReference; lastKnownFileType = folder.assetcatalog; path = Images.xcassets; sourceTree = "<group>"; };
		D7870D5718897340005BD7BE /* m7backgroundTests.xctest */ = {isa = PBXFileReference; explicitFileType = wrapper.cfbundle; includeInIndex = 0; path = m7backgroundTests.xctest; sourceTree = BUILT_PRODUCTS_DIR; };
		D7870D5818897340005BD7BE /* XCTest.framework */ = {isa = PBXFileReference; lastKnownFileType = wrapper.framework; name = XCTest.framework; path = Library/Frameworks/XCTest.framework; sourceTree = DEVELOPER_DIR; };
		D7870D6018897340005BD7BE /* m7backgroundTests-Info.plist */ = {isa = PBXFileReference; lastKnownFileType = text.plist.xml; path = "m7backgroundTests-Info.plist"; sourceTree = "<group>"; };
		D7870D6218897340005BD7BE /* en */ = {isa = PBXFileReference; lastKnownFileType = text.plist.strings; name = en; path = en.lproj/InfoPlist.strings; sourceTree = "<group>"; };
		D7870D6418897340005BD7BE /* m7backgroundTests.m */ = {isa = PBXFileReference; lastKnownFileType = sourcecode.c.objc; path = m7backgroundTests.m; sourceTree = "<group>"; };
		D7870D71188D2843005BD7BE /* Parse.framework */ = {isa = PBXFileReference; lastKnownFileType = wrapper.framework; path = Parse.framework; sourceTree = "<group>"; };
		D7870D74188D2986005BD7BE /* AudioToolbox.framework */ = {isa = PBXFileReference; lastKnownFileType = wrapper.framework; name = AudioToolbox.framework; path = System/Library/Frameworks/AudioToolbox.framework; sourceTree = SDKROOT; };
		D7870D76188D2990005BD7BE /* CFNetwork.framework */ = {isa = PBXFileReference; lastKnownFileType = wrapper.framework; name = CFNetwork.framework; path = System/Library/Frameworks/CFNetwork.framework; sourceTree = SDKROOT; };
		D7870D78188D29A5005BD7BE /* CoreLocation.framework */ = {isa = PBXFileReference; lastKnownFileType = wrapper.framework; name = CoreLocation.framework; path = System/Library/Frameworks/CoreLocation.framework; sourceTree = SDKROOT; };
		D7870D7A188D29AE005BD7BE /* libz.dylib */ = {isa = PBXFileReference; lastKnownFileType = "compiled.mach-o.dylib"; name = libz.dylib; path = usr/lib/libz.dylib; sourceTree = SDKROOT; };
		D7870D7C188D29BB005BD7BE /* MobileCoreServices.framework */ = {isa = PBXFileReference; lastKnownFileType = wrapper.framework; name = MobileCoreServices.framework; path = System/Library/Frameworks/MobileCoreServices.framework; sourceTree = SDKROOT; };
		D7870D7E188D29C2005BD7BE /* QuartzCore.framework */ = {isa = PBXFileReference; lastKnownFileType = wrapper.framework; name = QuartzCore.framework; path = System/Library/Frameworks/QuartzCore.framework; sourceTree = SDKROOT; };
		D7870D80188D29CF005BD7BE /* Security.framework */ = {isa = PBXFileReference; lastKnownFileType = wrapper.framework; name = Security.framework; path = System/Library/Frameworks/Security.framework; sourceTree = SDKROOT; };
		D7870D82188D29D8005BD7BE /* StoreKit.framework */ = {isa = PBXFileReference; lastKnownFileType = wrapper.framework; name = StoreKit.framework; path = System/Library/Frameworks/StoreKit.framework; sourceTree = SDKROOT; };
		D7870D84188D29E9005BD7BE /* SystemConfiguration.framework */ = {isa = PBXFileReference; lastKnownFileType = wrapper.framework; name = SystemConfiguration.framework; path = System/Library/Frameworks/SystemConfiguration.framework; sourceTree = SDKROOT; };
		D7870D87188D7690005BD7BE /* LazyParseArray.h */ = {isa = PBXFileReference; fileEncoding = 4; lastKnownFileType = sourcecode.c.h; path = LazyParseArray.h; sourceTree = "<group>"; };
		D7870D88188D7690005BD7BE /* LazyParseArray.m */ = {isa = PBXFileReference; fileEncoding = 4; lastKnownFileType = sourcecode.c.objc; path = LazyParseArray.m; sourceTree = "<group>"; };
		D7870D8A188D7DCC005BD7BE /* DataViewController.h */ = {isa = PBXFileReference; fileEncoding = 4; lastKnownFileType = sourcecode.c.h; path = DataViewController.h; sourceTree = "<group>"; };
		D7870D8B188D7DCC005BD7BE /* DataViewController.m */ = {isa = PBXFileReference; fileEncoding = 4; lastKnownFileType = sourcecode.c.objc; path = DataViewController.m; sourceTree = "<group>"; };
/* End PBXFileReference section */

/* Begin PBXFrameworksBuildPhase section */
		D7870D3318897340005BD7BE /* Frameworks */ = {
			isa = PBXFrameworksBuildPhase;
			buildActionMask = 2147483647;
			files = (
				D7870D85188D29E9005BD7BE /* SystemConfiguration.framework in Frameworks */,
				D7870D83188D29D8005BD7BE /* StoreKit.framework in Frameworks */,
				D7870D81188D29CF005BD7BE /* Security.framework in Frameworks */,
				D7870D7F188D29C2005BD7BE /* QuartzCore.framework in Frameworks */,
				D7870D7D188D29BB005BD7BE /* MobileCoreServices.framework in Frameworks */,
				D7870D7B188D29AE005BD7BE /* libz.dylib in Frameworks */,
				D7870D79188D29A5005BD7BE /* CoreLocation.framework in Frameworks */,
				D7870D3C18897340005BD7BE /* CoreGraphics.framework in Frameworks */,
				D7870D77188D2990005BD7BE /* CFNetwork.framework in Frameworks */,
				D7870D75188D2986005BD7BE /* AudioToolbox.framework in Frameworks */,
				D7870D73188D2944005BD7BE /* Parse.framework in Frameworks */,
				D7870D3E18897340005BD7BE /* UIKit.framework in Frameworks */,
				D7870D3A18897340005BD7BE /* Foundation.framework in Frameworks */,
			);
			runOnlyForDeploymentPostprocessing = 0;
		};
		D7870D5418897340005BD7BE /* Frameworks */ = {
			isa = PBXFrameworksBuildPhase;
			buildActionMask = 2147483647;
			files = (
				D7870D5918897340005BD7BE /* XCTest.framework in Frameworks */,
				D7870D5B18897340005BD7BE /* UIKit.framework in Frameworks */,
				D7870D5A18897340005BD7BE /* Foundation.framework in Frameworks */,
			);
			runOnlyForDeploymentPostprocessing = 0;
		};
/* End PBXFrameworksBuildPhase section */

/* Begin PBXGroup section */
		D7870D2D18897340005BD7BE = {
			isa = PBXGroup;
			children = (
				D7870D3F18897340005BD7BE /* m7background */,
				D7870D5E18897340005BD7BE /* m7backgroundTests */,
				D7870D3818897340005BD7BE /* Frameworks */,
				D7870D3718897340005BD7BE /* Products */,
			);
			sourceTree = "<group>";
		};
		D7870D3718897340005BD7BE /* Products */ = {
			isa = PBXGroup;
			children = (
				D7870D3618897340005BD7BE /* m7background.app */,
				D7870D5718897340005BD7BE /* m7backgroundTests.xctest */,
			);
			name = Products;
			sourceTree = "<group>";
		};
		D7870D3818897340005BD7BE /* Frameworks */ = {
			isa = PBXGroup;
			children = (
				D7870D84188D29E9005BD7BE /* SystemConfiguration.framework */,
				D7870D82188D29D8005BD7BE /* StoreKit.framework */,
				D7870D80188D29CF005BD7BE /* Security.framework */,
				D7870D7E188D29C2005BD7BE /* QuartzCore.framework */,
				D7870D7C188D29BB005BD7BE /* MobileCoreServices.framework */,
				D7870D7A188D29AE005BD7BE /* libz.dylib */,
				D7870D78188D29A5005BD7BE /* CoreLocation.framework */,
				D7870D76188D2990005BD7BE /* CFNetwork.framework */,
				D7870D74188D2986005BD7BE /* AudioToolbox.framework */,
				D7870D71188D2843005BD7BE /* Parse.framework */,
				D7870D3918897340005BD7BE /* Foundation.framework */,
				D7870D3B18897340005BD7BE /* CoreGraphics.framework */,
				D7870D3D18897340005BD7BE /* UIKit.framework */,
				D7870D5818897340005BD7BE /* XCTest.framework */,
			);
			name = Frameworks;
			sourceTree = "<group>";
		};
		D7870D3F18897340005BD7BE /* m7background */ = {
			isa = PBXGroup;
			children = (
				D7870D86188D744F005BD7BE /* Additional */,
				D7870D4818897340005BD7BE /* AppDelegate.h */,
				D7870D4918897340005BD7BE /* AppDelegate.m */,
				D7870D4B18897340005BD7BE /* Main.storyboard */,
				D7870D4E18897340005BD7BE /* ViewController.h */,
				D7870D4F18897340005BD7BE /* ViewController.m */,
				D7870D8A188D7DCC005BD7BE /* DataViewController.h */,
				D7870D8B188D7DCC005BD7BE /* DataViewController.m */,
				D7870D5118897340005BD7BE /* Images.xcassets */,
				D7870D4018897340005BD7BE /* Supporting Files */,
			);
			path = m7background;
			sourceTree = "<group>";
		};
		D7870D4018897340005BD7BE /* Supporting Files */ = {
			isa = PBXGroup;
			children = (
				D7870D4118897340005BD7BE /* m7background-Info.plist */,
				D7870D4218897340005BD7BE /* InfoPlist.strings */,
				D7870D4518897340005BD7BE /* main.m */,
				D7870D4718897340005BD7BE /* m7background-Prefix.pch */,
			);
			name = "Supporting Files";
			sourceTree = "<group>";
		};
		D7870D5E18897340005BD7BE /* m7backgroundTests */ = {
			isa = PBXGroup;
			children = (
				D7870D6418897340005BD7BE /* m7backgroundTests.m */,
				D7870D5F18897340005BD7BE /* Supporting Files */,
			);
			path = m7backgroundTests;
			sourceTree = "<group>";
		};
		D7870D5F18897340005BD7BE /* Supporting Files */ = {
			isa = PBXGroup;
			children = (
				D7870D6018897340005BD7BE /* m7backgroundTests-Info.plist */,
				D7870D6118897340005BD7BE /* InfoPlist.strings */,
			);
			name = "Supporting Files";
			sourceTree = "<group>";
		};
		D7870D86188D744F005BD7BE /* Additional */ = {
			isa = PBXGroup;
			children = (
				D7870D87188D7690005BD7BE /* LazyParseArray.h */,
				D7870D88188D7690005BD7BE /* LazyParseArray.m */,
			);
			name = Additional;
			sourceTree = "<group>";
		};
/* End PBXGroup section */

/* Begin PBXNativeTarget section */
		D7870D3518897340005BD7BE /* m7background */ = {
			isa = PBXNativeTarget;
			buildConfigurationList = D7870D6818897340005BD7BE /* Build configuration list for PBXNativeTarget "m7background" */;
			buildPhases = (
				D7870D3218897340005BD7BE /* Sources */,
				D7870D3318897340005BD7BE /* Frameworks */,
				D7870D3418897340005BD7BE /* Resources */,
			);
			buildRules = (
			);
			dependencies = (
			);
			name = m7background;
			productName = m7background;
			productReference = D7870D3618897340005BD7BE /* m7background.app */;
			productType = "com.apple.product-type.application";
		};
		D7870D5618897340005BD7BE /* m7backgroundTests */ = {
			isa = PBXNativeTarget;
			buildConfigurationList = D7870D6B18897340005BD7BE /* Build configuration list for PBXNativeTarget "m7backgroundTests" */;
			buildPhases = (
				D7870D5318897340005BD7BE /* Sources */,
				D7870D5418897340005BD7BE /* Frameworks */,
				D7870D5518897340005BD7BE /* Resources */,
			);
			buildRules = (
			);
			dependencies = (
				D7870D5D18897340005BD7BE /* PBXTargetDependency */,
			);
			name = m7backgroundTests;
			productName = m7backgroundTests;
			productReference = D7870D5718897340005BD7BE /* m7backgroundTests.xctest */;
			productType = "com.apple.product-type.bundle.unit-test";
		};
/* End PBXNativeTarget section */

/* Begin PBXProject section */
		D7870D2E18897340005BD7BE /* Project object */ = {
			isa = PBXProject;
			attributes = {
				LastUpgradeCheck = 0500;
				ORGANIZATIONNAME = dev;
				TargetAttributes = {
					D7870D3518897340005BD7BE = {
						SystemCapabilities = {
							com.apple.BackgroundModes = {
								enabled = 1;
							};
						};
					};
					D7870D5618897340005BD7BE = {
						TestTargetID = D7870D3518897340005BD7BE;
					};
				};
			};
			buildConfigurationList = D7870D3118897340005BD7BE /* Build configuration list for PBXProject "m7background" */;
			compatibilityVersion = "Xcode 3.2";
			developmentRegion = English;
			hasScannedForEncodings = 0;
			knownRegions = (
				en,
				Base,
			);
			mainGroup = D7870D2D18897340005BD7BE;
			productRefGroup = D7870D3718897340005BD7BE /* Products */;
			projectDirPath = "";
			projectRoot = "";
			targets = (
				D7870D3518897340005BD7BE /* m7background */,
				D7870D5618897340005BD7BE /* m7backgroundTests */,
			);
		};
/* End PBXProject section */

/* Begin PBXResourcesBuildPhase section */
		D7870D3418897340005BD7BE /* Resources */ = {
			isa = PBXResourcesBuildPhase;
			buildActionMask = 2147483647;
			files = (
				D7870D5218897340005BD7BE /* Images.xcassets in Resources */,
				D7870D4418897340005BD7BE /* InfoPlist.strings in Resources */,
				D7870D4D18897340005BD7BE /* Main.storyboard in Resources */,
			);
			runOnlyForDeploymentPostprocessing = 0;
		};
		D7870D5518897340005BD7BE /* Resources */ = {
			isa = PBXResourcesBuildPhase;
			buildActionMask = 2147483647;
			files = (
				D7870D6318897340005BD7BE /* InfoPlist.strings in Resources */,
			);
			runOnlyForDeploymentPostprocessing = 0;
		};
/* End PBXResourcesBuildPhase section */

/* Begin PBXSourcesBuildPhase section */
		D7870D3218897340005BD7BE /* Sources */ = {
			isa = PBXSourcesBuildPhase;
			buildActionMask = 2147483647;
			files = (
				D7870D5018897340005BD7BE /* ViewController.m in Sources */,
				D7870D89188D7690005BD7BE /* LazyParseArray.m in Sources */,
				D7870D4A18897340005BD7BE /* AppDelegate.m in Sources */,
				D7870D4618897340005BD7BE /* main.m in Sources */,
				D7870D8C188D7DCC005BD7BE /* DataViewController.m in Sources */,
			);
			runOnlyForDeploymentPostprocessing = 0;
		};
		D7870D5318897340005BD7BE /* Sources */ = {
			isa = PBXSourcesBuildPhase;
			buildActionMask = 2147483647;
			files = (
				D7870D6518897340005BD7BE /* m7backgroundTests.m in Sources */,
			);
			runOnlyForDeploymentPostprocessing = 0;
		};
/* End PBXSourcesBuildPhase section */

/* Begin PBXTargetDependency section */
		D7870D5D18897340005BD7BE /* PBXTargetDependency */ = {
			isa = PBXTargetDependency;
			target = D7870D3518897340005BD7BE /* m7background */;
			targetProxy = D7870D5C18897340005BD7BE /* PBXContainerItemProxy */;
		};
/* End PBXTargetDependency section */

/* Begin PBXVariantGroup section */
		D7870D4218897340005BD7BE /* InfoPlist.strings */ = {
			isa = PBXVariantGroup;
			children = (
				D7870D4318897340005BD7BE /* en */,
			);
			name = InfoPlist.strings;
			sourceTree = "<group>";
		};
		D7870D4B18897340005BD7BE /* Main.storyboard */ = {
			isa = PBXVariantGroup;
			children = (
				D7870D4C18897340005BD7BE /* Base */,
			);
			name = Main.storyboard;
			sourceTree = "<group>";
		};
		D7870D6118897340005BD7BE /* InfoPlist.strings */ = {
			isa = PBXVariantGroup;
			children = (
				D7870D6218897340005BD7BE /* en */,
			);
			name = InfoPlist.strings;
			sourceTree = "<group>";
		};
/* End PBXVariantGroup section */

/* Begin XCBuildConfiguration section */
		D7870D6618897340005BD7BE /* Debug */ = {
			isa = XCBuildConfiguration;
			buildSettings = {
				ALWAYS_SEARCH_USER_PATHS = NO;
				ARCHS = "$(ARCHS_STANDARD_INCLUDING_64_BIT)";
				CLANG_CXX_LANGUAGE_STANDARD = "gnu++0x";
				CLANG_CXX_LIBRARY = "libc++";
				CLANG_ENABLE_MODULES = YES;
				CLANG_ENABLE_OBJC_ARC = YES;
				CLANG_WARN_BOOL_CONVERSION = YES;
				CLANG_WARN_CONSTANT_CONVERSION = YES;
				CLANG_WARN_DIRECT_OBJC_ISA_USAGE = YES_ERROR;
				CLANG_WARN_EMPTY_BODY = YES;
				CLANG_WARN_ENUM_CONVERSION = YES;
				CLANG_WARN_INT_CONVERSION = YES;
				CLANG_WARN_OBJC_ROOT_CLASS = YES_ERROR;
				CLANG_WARN__DUPLICATE_METHOD_MATCH = YES;
				"CODE_SIGN_IDENTITY[sdk=iphoneos*]" = "iPhone Developer";
				COPY_PHASE_STRIP = NO;
				GCC_C_LANGUAGE_STANDARD = gnu99;
				GCC_DYNAMIC_NO_PIC = NO;
				GCC_OPTIMIZATION_LEVEL = 0;
				GCC_PREPROCESSOR_DEFINITIONS = (
					"DEBUG=1",
					"$(inherited)",
				);
				GCC_SYMBOLS_PRIVATE_EXTERN = NO;
				GCC_WARN_64_TO_32_BIT_CONVERSION = YES;
				GCC_WARN_ABOUT_RETURN_TYPE = YES_ERROR;
				GCC_WARN_UNDECLARED_SELECTOR = YES;
				GCC_WARN_UNINITIALIZED_AUTOS = YES;
				GCC_WARN_UNUSED_FUNCTION = YES;
				GCC_WARN_UNUSED_VARIABLE = YES;
				IPHONEOS_DEPLOYMENT_TARGET = 7.0;
				ONLY_ACTIVE_ARCH = YES;
				SDKROOT = iphoneos;
			};
			name = Debug;
		};
		D7870D6718897340005BD7BE /* Release */ = {
			isa = XCBuildConfiguration;
			buildSettings = {
				ALWAYS_SEARCH_USER_PATHS = NO;
				ARCHS = "$(ARCHS_STANDARD_INCLUDING_64_BIT)";
				CLANG_CXX_LANGUAGE_STANDARD = "gnu++0x";
				CLANG_CXX_LIBRARY = "libc++";
				CLANG_ENABLE_MODULES = YES;
				CLANG_ENABLE_OBJC_ARC = YES;
				CLANG_WARN_BOOL_CONVERSION = YES;
				CLANG_WARN_CONSTANT_CONVERSION = YES;
				CLANG_WARN_DIRECT_OBJC_ISA_USAGE = YES_ERROR;
				CLANG_WARN_EMPTY_BODY = YES;
				CLANG_WARN_ENUM_CONVERSION = YES;
				CLANG_WARN_INT_CONVERSION = YES;
				CLANG_WARN_OBJC_ROOT_CLASS = YES_ERROR;
				CLANG_WARN__DUPLICATE_METHOD_MATCH = YES;
				"CODE_SIGN_IDENTITY[sdk=iphoneos*]" = "iPhone Developer";
				COPY_PHASE_STRIP = YES;
				ENABLE_NS_ASSERTIONS = NO;
				GCC_C_LANGUAGE_STANDARD = gnu99;
				GCC_WARN_64_TO_32_BIT_CONVERSION = YES;
				GCC_WARN_ABOUT_RETURN_TYPE = YES_ERROR;
				GCC_WARN_UNDECLARED_SELECTOR = YES;
				GCC_WARN_UNINITIALIZED_AUTOS = YES;
				GCC_WARN_UNUSED_FUNCTION = YES;
				GCC_WARN_UNUSED_VARIABLE = YES;
				IPHONEOS_DEPLOYMENT_TARGET = 7.0;
				SDKROOT = iphoneos;
				VALIDATE_PRODUCT = YES;
			};
			name = Release;
		};
		D7870D6918897340005BD7BE /* Debug */ = {
			isa = XCBuildConfiguration;
			buildSettings = {
				ASSETCATALOG_COMPILER_APPICON_NAME = AppIcon;
				ASSETCATALOG_COMPILER_LAUNCHIMAGE_NAME = LaunchImage;
				FRAMEWORK_SEARCH_PATHS = (
					"./**",
					"$(inherited)",
					/Users/dev/Documents/end06/m7background,
				);
				GCC_PRECOMPILE_PREFIX_HEADER = YES;
				GCC_PREFIX_HEADER = "m7background/m7background-Prefix.pch";
				INFOPLIST_FILE = "m7background/m7background-Info.plist";
				PRODUCT_NAME = "$(TARGET_NAME)";
				WRAPPER_EXTENSION = app;
			};
			name = Debug;
		};
		D7870D6A18897340005BD7BE /* Release */ = {
			isa = XCBuildConfiguration;
			buildSettings = {
				ASSETCATALOG_COMPILER_APPICON_NAME = AppIcon;
				ASSETCATALOG_COMPILER_LAUNCHIMAGE_NAME = LaunchImage;
				FRAMEWORK_SEARCH_PATHS = (
					"./**",
					"$(inherited)",
					/Users/dev/Documents/end06/m7background,
				);
				GCC_PRECOMPILE_PREFIX_HEADER = YES;
				GCC_PREFIX_HEADER = "m7background/m7background-Prefix.pch";
				INFOPLIST_FILE = "m7background/m7background-Info.plist";
				PRODUCT_NAME = "$(TARGET_NAME)";
				WRAPPER_EXTENSION = app;
			};
			name = Release;
		};
		D7870D6C18897340005BD7BE /* Debug */ = {
			isa = XCBuildConfiguration;
			buildSettings = {
				ARCHS = "$(ARCHS_STANDARD_INCLUDING_64_BIT)";
				BUNDLE_LOADER = "$(BUILT_PRODUCTS_DIR)/m7background.app/m7background";
				FRAMEWORK_SEARCH_PATHS = (
					"$(SDKROOT)/Developer/Library/Frameworks",
					"$(inherited)",
					"$(DEVELOPER_FRAMEWORKS_DIR)",
				);
				GCC_PRECOMPILE_PREFIX_HEADER = YES;
				GCC_PREFIX_HEADER = "m7background/m7background-Prefix.pch";
				GCC_PREPROCESSOR_DEFINITIONS = (
					"DEBUG=1",
					"$(inherited)",
				);
				INFOPLIST_FILE = "m7backgroundTests/m7backgroundTests-Info.plist";
				PRODUCT_NAME = "$(TARGET_NAME)";
				TEST_HOST = "$(BUNDLE_LOADER)";
				WRAPPER_EXTENSION = xctest;
			};
			name = Debug;
		};
		D7870D6D18897340005BD7BE /* Release */ = {
			isa = XCBuildConfiguration;
			buildSettings = {
				ARCHS = "$(ARCHS_STANDARD_INCLUDING_64_BIT)";
				BUNDLE_LOADER = "$(BUILT_PRODUCTS_DIR)/m7background.app/m7background";
				FRAMEWORK_SEARCH_PATHS = (
					"$(SDKROOT)/Developer/Library/Frameworks",
					"$(inherited)",
					"$(DEVELOPER_FRAMEWORKS_DIR)",
				);
				GCC_PRECOMPILE_PREFIX_HEADER = YES;
				GCC_PREFIX_HEADER = "m7background/m7background-Prefix.pch";
				INFOPLIST_FILE = "m7backgroundTests/m7backgroundTests-Info.plist";
				PRODUCT_NAME = "$(TARGET_NAME)";
				TEST_HOST = "$(BUNDLE_LOADER)";
				WRAPPER_EXTENSION = xctest;
			};
			name = Release;
		};
/* End XCBuildConfiguration section */

/* Begin XCConfigurationList section */
		D7870D3118897340005BD7BE /* Build configuration list for PBXProject "m7background" */ = {
			isa = XCConfigurationList;
			buildConfigurations = (
				D7870D6618897340005BD7BE /* Debug */,
				D7870D6718897340005BD7BE /* Release */,
			);
			defaultConfigurationIsVisible = 0;
			defaultConfigurationName = Release;
		};
		D7870D6818897340005BD7BE /* Build configuration list for PBXNativeTarget "m7background" */ = {
			isa = XCConfigurationList;
			buildConfigurations = (
				D7870D6918897340005BD7BE /* Debug */,
				D7870D6A18897340005BD7BE /* Release */,
			);
			defaultConfigurationIsVisible = 0;
		};
		D7870D6B18897340005BD7BE /* Build configuration list for PBXNativeTarget "m7backgroundTests" */ = {
			isa = XCConfigurationList;
			buildConfigurations = (
				D7870D6C18897340005BD7BE /* Debug */,
				D7870D6D18897340005BD7BE /* Release */,
			);
			defaultConfigurationIsVisible = 0;
		};
/* End XCConfigurationList section */
	};
	rootObject = D7870D2E18897340005BD7BE /* Project object */;
}
